
Microsoft Visual Studio Solution File, Format Version 12.00
# Visual Studio 15
VisualStudioVersion = 15.0.28307.168
MinimumVisualStudioVersion = 10.0.40219.1
Project("{9A19103F-16F7-4668-BE54-9A1E7A4F7556}") = "Yuya.Net.ODataExamples.ASPNetCore.Simple.Web", "Yuya.Net.ODataExamples.ASPNetCore.Simple.Web\Yuya.Net.ODataExamples.ASPNetCore.Simple.Web.csproj", "{3D18D344-D61A-4A30-9AD5-6422F1D858D7}"
EndProject
Global
	GlobalSection(SolutionConfigurationPlatforms) = preSolution
		Debug|Any CPU = Debug|Any CPU
		Release|Any CPU = Release|Any CPU
	EndGlobalSection
	GlobalSection(ProjectConfigurationPlatforms) = postSolution
		{3D18D344-D61A-4A30-9AD5-6422F1D858D7}.Debug|Any CPU.ActiveCfg = Debug|Any CPU
		{3D18D344-D61A-4A30-9AD5-6422F1D858D7}.Debug|Any CPU.Build.0 = Debug|Any CPU
		{3D18D344-D61A-4A30-9AD5-6422F1D858D7}.Release|Any CPU.ActiveCfg = Release|Any CPU
		{3D18D344-D61A-4A30-9AD5-6422F1D858D7}.Release|Any CPU.Build.0 = Release|Any CPU
	EndGlobalSection
	GlobalSection(SolutionProperties) = preSolution
		HideSolutionNode = FALSE
	EndGlobalSection
	GlobalSection(ExtensibilityGlobals) = postSolution
		SolutionGuid = {B89949BB-3883-46E2-889F-C71320982D47}
	EndGlobalSection
EndGlobal
